// !$*UTF8*$!
{
	archiveVersion = 1;
	classes = {
	};
	objectVersion = 46;
	objects = {

/* Begin PBXBuildFile section */
		941C3A0F1F27C791001DA9FB /* AppDelegate.swift in Sources */ = {isa = PBXBuildFile; fileRef = 941C3A0E1F27C791001DA9FB /* AppDelegate.swift */; };
		941C3A111F27C791001DA9FB /* ViewController.swift in Sources */ = {isa = PBXBuildFile; fileRef = 941C3A101F27C791001DA9FB /* ViewController.swift */; };
		941C3A141F27C791001DA9FB /* Main.storyboard in Resources */ = {isa = PBXBuildFile; fileRef = 941C3A121F27C791001DA9FB /* Main.storyboard */; };
		941C3A161F27C791001DA9FB /* Assets.xcassets in Resources */ = {isa = PBXBuildFile; fileRef = 941C3A151F27C791001DA9FB /* Assets.xcassets */; };
		941C3A191F27C791001DA9FB /* LaunchScreen.storyboard in Resources */ = {isa = PBXBuildFile; fileRef = 941C3A171F27C791001DA9FB /* LaunchScreen.storyboard */; };
		943458E21F28C79D00C1BFB4 /* SquareAreaViewController.swift in Sources */ = {isa = PBXBuildFile; fileRef = 943458E11F28C79D00C1BFB4 /* SquareAreaViewController.swift */; };
		943458E41F28C7A400C1BFB4 /* CircleAreaViewController.swift in Sources */ = {isa = PBXBuildFile; fileRef = 943458E31F28C7A400C1BFB4 /* CircleAreaViewController.swift */; };
		943458E61F28C88E00C1BFB4 /* TriAreaViewController.swift in Sources */ = {isa = PBXBuildFile; fileRef = 943458E51F28C88E00C1BFB4 /* TriAreaViewController.swift */; };
		943458E81F28C96900C1BFB4 /* RectAreaViewController.swift in Sources */ = {isa = PBXBuildFile; fileRef = 943458E71F28C96900C1BFB4 /* RectAreaViewController.swift */; };
		94D093141F2A23EB00083348 /* PyraConeVolumeViewController.swift in Sources */ = {isa = PBXBuildFile; fileRef = 94D093131F2A23EB00083348 /* PyraConeVolumeViewController.swift */; };
		94D093161F2A244C00083348 /* PrismCylinVolumeViewController.swift in Sources */ = {isa = PBXBuildFile; fileRef = 94D093151F2A244C00083348 /* PrismCylinVolumeViewController.swift */; };
		94D093181F2A246C00083348 /* RightRectPrismVolumeViewController.swift in Sources */ = {isa = PBXBuildFile; fileRef = 94D093171F2A246C00083348 /* RightRectPrismVolumeViewController.swift */; };
		94D0931A1F2A248300083348 /* CubeVolumeViewController.swift in Sources */ = {isa = PBXBuildFile; fileRef = 94D093191F2A248300083348 /* CubeVolumeViewController.swift */; };
		94D0931C1F2A249100083348 /* SphereVolumeViewController.swift in Sources */ = {isa = PBXBuildFile; fileRef = 94D0931B1F2A249100083348 /* SphereVolumeViewController.swift */; };
		94D0931E1F2A8A1100083348 /* ParallelogramAreaViewController.swift in Sources */ = {isa = PBXBuildFile; fileRef = 94D0931D1F2A8A1100083348 /* ParallelogramAreaViewController.swift */; };
		94D093201F2A8A2300083348 /* TrapeAreaViewController.swift in Sources */ = {isa = PBXBuildFile; fileRef = 94D0931F1F2A8A2300083348 /* TrapeAreaViewController.swift */; };
		94D6C3C31F29244000F3A07D /* CirclePerimViewController.swift in Sources */ = {isa = PBXBuildFile; fileRef = 94D6C3C21F29244000F3A07D /* CirclePerimViewController.swift */; };
		94D6C3C51F29246000F3A07D /* SquarePerimViewController.swift in Sources */ = {isa = PBXBuildFile; fileRef = 94D6C3C41F29246000F3A07D /* SquarePerimViewController.swift */; };
		94D6C3C71F29247400F3A07D /* RectPerimViewController.swift in Sources */ = {isa = PBXBuildFile; fileRef = 94D6C3C61F29247400F3A07D /* RectPerimViewController.swift */; };
		94D6C3C91F29249700F3A07D /* TriPerimViewController.swift in Sources */ = {isa = PBXBuildFile; fileRef = 94D6C3C81F29249700F3A07D /* TriPerimViewController.swift */; };
/* End PBXBuildFile section */

/* Begin PBXFileReference section */
		941C3A0B1F27C791001DA9FB /* mathCalc.app */ = {isa = PBXFileReference; explicitFileType = wrapper.application; includeInIndex = 0; path = mathCalc.app; sourceTree = BUILT_PRODUCTS_DIR; };
		941C3A0E1F27C791001DA9FB /* AppDelegate.swift */ = {isa = PBXFileReference; lastKnownFileType = sourcecode.swift; path = AppDelegate.swift; sourceTree = "<group>"; };
		941C3A101F27C791001DA9FB /* ViewController.swift */ = {isa = PBXFileReference; lastKnownFileType = sourcecode.swift; path = ViewController.swift; sourceTree = "<group>"; };
		941C3A131F27C791001DA9FB /* Base */ = {isa = PBXFileReference; lastKnownFileType = file.storyboard; name = Base; path = Base.lproj/Main.storyboard; sourceTree = "<group>"; };
		941C3A151F27C791001DA9FB /* Assets.xcassets */ = {isa = PBXFileReference; lastKnownFileType = folder.assetcatalog; path = Assets.xcassets; sourceTree = "<group>"; };
		941C3A181F27C791001DA9FB /* Base */ = {isa = PBXFileReference; lastKnownFileType = file.storyboard; name = Base; path = Base.lproj/LaunchScreen.storyboard; sourceTree = "<group>"; };
		941C3A1A1F27C791001DA9FB /* Info.plist */ = {isa = PBXFileReference; lastKnownFileType = text.plist.xml; path = Info.plist; sourceTree = "<group>"; };
		943458E11F28C79D00C1BFB4 /* SquareAreaViewController.swift */ = {isa = PBXFileReference; fileEncoding = 4; lastKnownFileType = sourcecode.swift; path = SquareAreaViewController.swift; sourceTree = "<group>"; };
		943458E31F28C7A400C1BFB4 /* CircleAreaViewController.swift */ = {isa = PBXFileReference; fileEncoding = 4; lastKnownFileType = sourcecode.swift; path = CircleAreaViewController.swift; sourceTree = "<group>"; };
		943458E51F28C88E00C1BFB4 /* TriAreaViewController.swift */ = {isa = PBXFileReference; fileEncoding = 4; lastKnownFileType = sourcecode.swift; path = TriAreaViewController.swift; sourceTree = "<group>"; };
		943458E71F28C96900C1BFB4 /* RectAreaViewController.swift */ = {isa = PBXFileReference; fileEncoding = 4; lastKnownFileType = sourcecode.swift; path = RectAreaViewController.swift; sourceTree = "<group>"; };
		94D093131F2A23EB00083348 /* PyraConeVolumeViewController.swift */ = {isa = PBXFileReference; fileEncoding = 4; lastKnownFileType = sourcecode.swift; path = PyraConeVolumeViewController.swift; sourceTree = "<group>"; };
		94D093151F2A244C00083348 /* PrismCylinVolumeViewController.swift */ = {isa = PBXFileReference; fileEncoding = 4; lastKnownFileType = sourcecode.swift; path = PrismCylinVolumeViewController.swift; sourceTree = "<group>"; };
		94D093171F2A246C00083348 /* RightRectPrismVolumeViewController.swift */ = {isa = PBXFileReference; fileEncoding = 4; lastKnownFileType = sourcecode.swift; path = RightRectPrismVolumeViewController.swift; sourceTree = "<group>"; };
		94D093191F2A248300083348 /* CubeVolumeViewController.swift */ = {isa = PBXFileReference; fileEncoding = 4; lastKnownFileType = sourcecode.swift; path = CubeVolumeViewController.swift; sourceTree = "<group>"; };
		94D0931B1F2A249100083348 /* SphereVolumeViewController.swift */ = {isa = PBXFileReference; fileEncoding = 4; lastKnownFileType = sourcecode.swift; path = SphereVolumeViewController.swift; sourceTree = "<group>"; };
		94D0931D1F2A8A1100083348 /* ParallelogramAreaViewController.swift */ = {isa = PBXFileReference; fileEncoding = 4; lastKnownFileType = sourcecode.swift; path = ParallelogramAreaViewController.swift; sourceTree = "<group>"; };
		94D0931F1F2A8A2300083348 /* TrapeAreaViewController.swift */ = {isa = PBXFileReference; fileEncoding = 4; lastKnownFileType = sourcecode.swift; path = TrapeAreaViewController.swift; sourceTree = "<group>"; };
		94D6C3C21F29244000F3A07D /* CirclePerimViewController.swift */ = {isa = PBXFileReference; fileEncoding = 4; lastKnownFileType = sourcecode.swift; path = CirclePerimViewController.swift; sourceTree = "<group>"; };
		94D6C3C41F29246000F3A07D /* SquarePerimViewController.swift */ = {isa = PBXFileReference; fileEncoding = 4; lastKnownFileType = sourcecode.swift; path = SquarePerimViewController.swift; sourceTree = "<group>"; };
		94D6C3C61F29247400F3A07D /* RectPerimViewController.swift */ = {isa = PBXFileReference; fileEncoding = 4; lastKnownFileType = sourcecode.swift; path = RectPerimViewController.swift; sourceTree = "<group>"; };
		94D6C3C81F29249700F3A07D /* TriPerimViewController.swift */ = {isa = PBXFileReference; fileEncoding = 4; lastKnownFileType = sourcecode.swift; path = TriPerimViewController.swift; sourceTree = "<group>"; };
/* End PBXFileReference section */

/* Begin PBXFrameworksBuildPhase section */
		941C3A081F27C791001DA9FB /* Frameworks */ = {
			isa = PBXFrameworksBuildPhase;
			buildActionMask = 2147483647;
			files = (
			);
			runOnlyForDeploymentPostprocessing = 0;
		};
/* End PBXFrameworksBuildPhase section */

/* Begin PBXGroup section */
		941C3A021F27C790001DA9FB = {
			isa = PBXGroup;
			children = (
				941C3A0D1F27C791001DA9FB /* mathCalc */,
				941C3A0C1F27C791001DA9FB /* Products */,
			);
			sourceTree = "<group>";
		};
		941C3A0C1F27C791001DA9FB /* Products */ = {
			isa = PBXGroup;
			children = (
				941C3A0B1F27C791001DA9FB /* mathCalc.app */,
			);
			name = Products;
			sourceTree = "<group>";
		};
		941C3A0D1F27C791001DA9FB /* mathCalc */ = {
			isa = PBXGroup;
			children = (
				941C3A0E1F27C791001DA9FB /* AppDelegate.swift */,
				941C3A101F27C791001DA9FB /* ViewController.swift */,
				941C3A121F27C791001DA9FB /* Main.storyboard */,
				94D0931D1F2A8A1100083348 /* ParallelogramAreaViewController.swift */,
				94D0931F1F2A8A2300083348 /* TrapeAreaViewController.swift */,
				94D093191F2A248300083348 /* CubeVolumeViewController.swift */,
				94D0931B1F2A249100083348 /* SphereVolumeViewController.swift */,
				94D093171F2A246C00083348 /* RightRectPrismVolumeViewController.swift */,
				94D093151F2A244C00083348 /* PrismCylinVolumeViewController.swift */,
				94D093131F2A23EB00083348 /* PyraConeVolumeViewController.swift */,
				94D6C3C21F29244000F3A07D /* CirclePerimViewController.swift */,
				94D6C3C41F29246000F3A07D /* SquarePerimViewController.swift */,
				94D6C3C61F29247400F3A07D /* RectPerimViewController.swift */,
				94D6C3C81F29249700F3A07D /* TriPerimViewController.swift */,
				943458E31F28C7A400C1BFB4 /* CircleAreaViewController.swift */,
				943458E11F28C79D00C1BFB4 /* SquareAreaViewController.swift */,
				943458E71F28C96900C1BFB4 /* RectAreaViewController.swift */,
				943458E51F28C88E00C1BFB4 /* TriAreaViewController.swift */,
				941C3A151F27C791001DA9FB /* Assets.xcassets */,
				941C3A171F27C791001DA9FB /* LaunchScreen.storyboard */,
				941C3A1A1F27C791001DA9FB /* Info.plist */,
			);
			path = mathCalc;
			sourceTree = "<group>";
		};
/* End PBXGroup section */

/* Begin PBXNativeTarget section */
		941C3A0A1F27C791001DA9FB /* mathCalc */ = {
			isa = PBXNativeTarget;
			buildConfigurationList = 941C3A1D1F27C791001DA9FB /* Build configuration list for PBXNativeTarget "mathCalc" */;
			buildPhases = (
				941C3A071F27C791001DA9FB /* Sources */,
				941C3A081F27C791001DA9FB /* Frameworks */,
				941C3A091F27C791001DA9FB /* Resources */,
			);
			buildRules = (
			);
			dependencies = (
			);
			name = mathCalc;
			productName = mathCalc;
			productReference = 941C3A0B1F27C791001DA9FB /* mathCalc.app */;
			productType = "com.apple.product-type.application";
		};
/* End PBXNativeTarget section */

/* Begin PBXProject section */
		941C3A031F27C790001DA9FB /* Project object */ = {
			isa = PBXProject;
			attributes = {
				LastSwiftUpdateCheck = 0830;
				LastUpgradeCheck = 0830;
				ORGANIZATIONNAME = "iD Tech";
				TargetAttributes = {
					941C3A0A1F27C791001DA9FB = {
						CreatedOnToolsVersion = 8.3.1;
						DevelopmentTeam = 4PRU5G4MBV;
						ProvisioningStyle = Automatic;
					};
				};
			};
			buildConfigurationList = 941C3A061F27C790001DA9FB /* Build configuration list for PBXProject "mathCalc" */;
			compatibilityVersion = "Xcode 3.2";
			developmentRegion = English;
			hasScannedForEncodings = 0;
			knownRegions = (
				en,
				Base,
			);
			mainGroup = 941C3A021F27C790001DA9FB;
			productRefGroup = 941C3A0C1F27C791001DA9FB /* Products */;
			projectDirPath = "";
			projectRoot = "";
			targets = (
				941C3A0A1F27C791001DA9FB /* mathCalc */,
			);
		};
/* End PBXProject section */

/* Begin PBXResourcesBuildPhase section */
		941C3A091F27C791001DA9FB /* Resources */ = {
			isa = PBXResourcesBuildPhase;
			buildActionMask = 2147483647;
			files = (
				941C3A191F27C791001DA9FB /* LaunchScreen.storyboard in Resources */,
				941C3A161F27C791001DA9FB /* Assets.xcassets in Resources */,
				941C3A141F27C791001DA9FB /* Main.storyboard in Resources */,
			);
			runOnlyForDeploymentPostprocessing = 0;
		};
/* End PBXResourcesBuildPhase section */

/* Begin PBXSourcesBuildPhase section */
		941C3A071F27C791001DA9FB /* Sources */ = {
			isa = PBXSourcesBuildPhase;
			buildActionMask = 2147483647;
			files = (
				94D093161F2A244C00083348 /* PrismCylinVolumeViewController.swift in Sources */,
				94D093181F2A246C00083348 /* RightRectPrismVolumeViewController.swift in Sources */,
				941C3A111F27C791001DA9FB /* ViewController.swift in Sources */,
				943458E81F28C96900C1BFB4 /* RectAreaViewController.swift in Sources */,
				941C3A0F1F27C791001DA9FB /* AppDelegate.swift in Sources */,
				94D0931A1F2A248300083348 /* CubeVolumeViewController.swift in Sources */,
				943458E41F28C7A400C1BFB4 /* CircleAreaViewController.swift in Sources */,
				943458E61F28C88E00C1BFB4 /* TriAreaViewController.swift in Sources */,
				94D6C3C71F29247400F3A07D /* RectPerimViewController.swift in Sources */,
				94D6C3C91F29249700F3A07D /* TriPerimViewController.swift in Sources */,
				943458E21F28C79D00C1BFB4 /* SquareAreaViewController.swift in Sources */,
				94D0931E1F2A8A1100083348 /* ParallelogramAreaViewController.swift in Sources */,
				94D093201F2A8A2300083348 /* TrapeAreaViewController.swift in Sources */,
				94D093141F2A23EB00083348 /* PyraConeVolumeViewController.swift in Sources */,
				94D6C3C31F29244000F3A07D /* CirclePerimViewController.swift in Sources */,
				94D0931C1F2A249100083348 /* SphereVolumeViewController.swift in Sources */,
				94D6C3C51F29246000F3A07D /* SquarePerimViewController.swift in Sources */,
			);
			runOnlyForDeploymentPostprocessing = 0;
		};
/* End PBXSourcesBuildPhase section */

/* Begin PBXVariantGroup section */
		941C3A121F27C791001DA9FB /* Main.storyboard */ = {
			isa = PBXVariantGroup;
			children = (
				941C3A131F27C791001DA9FB /* Base */,
			);
			name = Main.storyboard;
			sourceTree = "<group>";
		};
		941C3A171F27C791001DA9FB /* LaunchScreen.storyboard */ = {
			isa = PBXVariantGroup;
			children = (
				941C3A181F27C791001DA9FB /* Base */,
			);
			name = LaunchScreen.storyboard;
			sourceTree = "<group>";
		};
/* End PBXVariantGroup section */

/* Begin XCBuildConfiguration section */
		941C3A1B1F27C791001DA9FB /* Debug */ = {
			isa = XCBuildConfiguration;
			buildSettings = {
				ALWAYS_SEARCH_USER_PATHS = NO;
				CLANG_ANALYZER_NONNULL = YES;
				CLANG_ANALYZER_NUMBER_OBJECT_CONVERSION = YES_AGGRESSIVE;
				CLANG_CXX_LANGUAGE_STANDARD = "gnu++0x";
				CLANG_CXX_LIBRARY = "libc++";
				CLANG_ENABLE_MODULES = YES;
				CLANG_ENABLE_OBJC_ARC = YES;
				CLANG_WARN_BOOL_CONVERSION = YES;
				CLANG_WARN_CONSTANT_CONVERSION = YES;
				CLANG_WARN_DIRECT_OBJC_ISA_USAGE = YES_ERROR;
				CLANG_WARN_DOCUMENTATION_COMMENTS = YES;
				CLANG_WARN_EMPTY_BODY = YES;
				CLANG_WARN_ENUM_CONVERSION = YES;
				CLANG_WARN_INFINITE_RECURSION = YES;
				CLANG_WARN_INT_CONVERSION = YES;
				CLANG_WARN_OBJC_ROOT_CLASS = YES_ERROR;
				CLANG_WARN_SUSPICIOUS_MOVE = YES;
				CLANG_WARN_UNREACHABLE_CODE = YES;
				CLANG_WARN__DUPLICATE_METHOD_MATCH = YES;
				"CODE_SIGN_IDENTITY[sdk=iphoneos*]" = "iPhone Developer";
				COPY_PHASE_STRIP = NO;
				DEBUG_INFORMATION_FORMAT = dwarf;
				ENABLE_STRICT_OBJC_MSGSEND = YES;
				ENABLE_TESTABILITY = YES;
				GCC_C_LANGUAGE_STANDARD = gnu99;
				GCC_DYNAMIC_NO_PIC = NO;
				GCC_NO_COMMON_BLOCKS = YES;
				GCC_OPTIMIZATION_LEVEL = 0;
				GCC_PREPROCESSOR_DEFINITIONS = (
					"DEBUG=1",
					"$(inherited)",
				);
				GCC_WARN_64_TO_32_BIT_CONVERSION = YES;
				GCC_WARN_ABOUT_RETURN_TYPE = YES_ERROR;
				GCC_WARN_UNDECLARED_SELECTOR = YES;
				GCC_WARN_UNINITIALIZED_AUTOS = YES_AGGRESSIVE;
				GCC_WARN_UNUSED_FUNCTION = YES;
				GCC_WARN_UNUSED_VARIABLE = YES;
				IPHONEOS_DEPLOYMENT_TARGET = 10.3;
				MTL_ENABLE_DEBUG_INFO = YES;
				ONLY_ACTIVE_ARCH = YES;
				SDKROOT = iphoneos;
				SWIFT_ACTIVE_COMPILATION_CONDITIONS = DEBUG;
				SWIFT_OPTIMIZATION_LEVEL = "-Onone";
				TARGETED_DEVICE_FAMILY = "1,2";
			};
			name = Debug;
		};
		941C3A1C1F27C791001DA9FB /* Release */ = {
			isa = XCBuildConfiguration;
			buildSettings = {
				ALWAYS_SEARCH_USER_PATHS = NO;
				CLANG_ANALYZER_NONNULL = YES;
				CLANG_ANALYZER_NUMBER_OBJECT_CONVERSION = YES_AGGRESSIVE;
				CLANG_CXX_LANGUAGE_STANDARD = "gnu++0x";
				CLANG_CXX_LIBRARY = "libc++";
				CLANG_ENABLE_MODULES = YES;
				CLANG_ENABLE_OBJC_ARC = YES;
				CLANG_WARN_BOOL_CONVERSION = YES;
				CLANG_WARN_CONSTANT_CONVERSION = YES;
				CLANG_WARN_DIRECT_OBJC_ISA_USAGE = YES_ERROR;
				CLANG_WARN_DOCUMENTATION_COMMENTS = YES;
				CLANG_WARN_EMPTY_BODY = YES;
				CLANG_WARN_ENUM_CONVERSION = YES;
				CLANG_WARN_INFINITE_RECURSION = YES;
				CLANG_WARN_INT_CONVERSION = YES;
				CLANG_WARN_OBJC_ROOT_CLASS = YES_ERROR;
				CLANG_WARN_SUSPICIOUS_MOVE = YES;
				CLANG_WARN_UNREACHABLE_CODE = YES;
				CLANG_WARN__DUPLICATE_METHOD_MATCH = YES;
				"CODE_SIGN_IDENTITY[sdk=iphoneos*]" = "iPhone Developer";
				COPY_PHASE_STRIP = NO;
				DEBUG_INFORMATION_FORMAT = "dwarf-with-dsym";
				ENABLE_NS_ASSERTIONS = NO;
				ENABLE_STRICT_OBJC_MSGSEND = YES;
				GCC_C_LANGUAGE_STANDARD = gnu99;
				GCC_NO_COMMON_BLOCKS = YES;
				GCC_WARN_64_TO_32_BIT_CONVERSION = YES;
				GCC_WARN_ABOUT_RETURN_TYPE = YES_ERROR;
				GCC_WARN_UNDECLARED_SELECTOR = YES;
				GCC_WARN_UNINITIALIZED_AUTOS = YES_AGGRESSIVE;
				GCC_WARN_UNUSED_FUNCTION = YES;
				GCC_WARN_UNUSED_VARIABLE = YES;
				IPHONEOS_DEPLOYMENT_TARGET = 10.3;
				MTL_ENABLE_DEBUG_INFO = NO;
				SDKROOT = iphoneos;
				SWIFT_OPTIMIZATION_LEVEL = "-Owholemodule";
				TARGETED_DEVICE_FAMILY = "1,2";
				VALIDATE_PRODUCT = YES;
			};
			name = Release;
		};
		941C3A1E1F27C791001DA9FB /* Debug */ = {
			isa = XCBuildConfiguration;
			buildSettings = {
				ASSETCATALOG_COMPILER_APPICON_NAME = AppIcon;
				DEVELOPMENT_TEAM = 4PRU5G4MBV;
				INFOPLIST_FILE = mathCalc/Info.plist;
				LD_RUNPATH_SEARCH_PATHS = "$(inherited) @executable_path/Frameworks";
				PRODUCT_BUNDLE_IDENTIFIER = com.iDTech.Samantha.mathCalc;
				PRODUCT_NAME = "$(TARGET_NAME)";
				SWIFT_VERSION = 3.0;
			};
			name = Debug;
		};
		941C3A1F1F27C791001DA9FB /* Release */ = {
			isa = XCBuildConfiguration;
			buildSettings = {
				ASSETCATALOG_COMPILER_APPICON_NAME = AppIcon;
				DEVELOPMENT_TEAM = 4PRU5G4MBV;
				INFOPLIST_FILE = mathCalc/Info.plist;
				LD_RUNPATH_SEARCH_PATHS = "$(inherited) @executable_path/Frameworks";
				PRODUCT_BUNDLE_IDENTIFIER = com.iDTech.Samantha.mathCalc;
				PRODUCT_NAME = "$(TARGET_NAME)";
				SWIFT_VERSION = 3.0;
			};
			name = Release;
		};
/* End XCBuildConfiguration section */

/* Begin XCConfigurationList section */
		941C3A061F27C790001DA9FB /* Build configuration list for PBXProject "mathCalc" */ = {
			isa = XCConfigurationList;
			buildConfigurations = (
				941C3A1B1F27C791001DA9FB /* Debug */,
				941C3A1C1F27C791001DA9FB /* Release */,
			);
			defaultConfigurationIsVisible = 0;
			defaultConfigurationName = Release;
		};
		941C3A1D1F27C791001DA9FB /* Build configuration list for PBXNativeTarget "mathCalc" */ = {
			isa = XCConfigurationList;
			buildConfigurations = (
				941C3A1E1F27C791001DA9FB /* Debug */,
				941C3A1F1F27C791001DA9FB /* Release */,
			);
			defaultConfigurationIsVisible = 0;
			defaultConfigurationName = Release;
		};
/* End XCConfigurationList section */
	};
	rootObject = 941C3A031F27C790001DA9FB /* Project object */;
}
